
Microsoft Visual Studio Solution File, Format Version 12.00
# Visual Studio Version 16
VisualStudioVersion = 16.0.32901.82
MinimumVisualStudioVersion = 10.0.40219.1
Project("{FAE04EC0-301F-11D3-BF4B-00C04F79EFBC}") = "CMIForAll", "CMIForAll\CMIForAll.csproj", "{9E183A9C-CAB9-44CB-9564-5D5F3DE6FF3D}"
EndProject
Global
	GlobalSection(SolutionConfigurationPlatforms) = preSolution
		Debug|Any CPU = Debug|Any CPU
		Release|Any CPU = Release|Any CPU
	EndGlobalSection
	GlobalSection(ProjectConfigurationPlatforms) = postSolution
		{9E183A9C-CAB9-44CB-9564-5D5F3DE6FF3D}.Debug|Any CPU.ActiveCfg = Debug|Any CPU
		{9E183A9C-CAB9-44CB-9564-5D5F3DE6FF3D}.Debug|Any CPU.Build.0 = Debug|Any CPU
		{9E183A9C-CAB9-44CB-9564-5D5F3DE6FF3D}.Release|Any CPU.ActiveCfg = Release|Any CPU
		{9E183A9C-CAB9-44CB-9564-5D5F3DE6FF3D}.Release|Any CPU.Build.0 = Release|Any CPU
	EndGlobalSection
	GlobalSection(SolutionProperties) = preSolution
		HideSolutionNode = FALSE
	EndGlobalSection
	GlobalSection(ExtensibilityGlobals) = postSolution
		SolutionGuid = {6E26D787-EB98-4655-87A2-E3298A764588}
	EndGlobalSection
EndGlobal
